// !$*UTF8*$!
{
	archiveVersion = 1;
	classes = {
	};
	objectVersion = 56;
	objects = {

/* Begin PBXBuildFile section */
		293937A52B9313C100D2B535 /* CartItem.swift in Sources */ = {isa = PBXBuildFile; fileRef = 293937A42B9313C100D2B535 /* CartItem.swift */; };
		293937A72B93140F00D2B535 /* CartViewModel.swift in Sources */ = {isa = PBXBuildFile; fileRef = 293937A62B93140F00D2B535 /* CartViewModel.swift */; };
		293937B72B93A59000D2B535 /* FavoritesViewModel.swift in Sources */ = {isa = PBXBuildFile; fileRef = 293937B62B93A59000D2B535 /* FavoritesViewModel.swift */; };
		2976F5AF2B919D6D003D01AF /* YumYumApp.swift in Sources */ = {isa = PBXBuildFile; fileRef = 2976F5AE2B919D6D003D01AF /* YumYumApp.swift */; };
		2976F5B12B919D6D003D01AF /* StartView.swift in Sources */ = {isa = PBXBuildFile; fileRef = 2976F5B02B919D6D003D01AF /* StartView.swift */; };
		2976F5B32B919D6E003D01AF /* Assets.xcassets in Resources */ = {isa = PBXBuildFile; fileRef = 2976F5B22B919D6E003D01AF /* Assets.xcassets */; };
		2976F5B62B919D6E003D01AF /* Preview Assets.xcassets in Resources */ = {isa = PBXBuildFile; fileRef = 2976F5B52B919D6E003D01AF /* Preview Assets.xcassets */; };
		2976F5C02B91A68F003D01AF /* SignUpView.swift in Sources */ = {isa = PBXBuildFile; fileRef = 2976F5BF2B91A68F003D01AF /* SignUpView.swift */; };
		2976F5C32B91A9FD003D01AF /* LoginView.swift in Sources */ = {isa = PBXBuildFile; fileRef = 2976F5C22B91A9FD003D01AF /* LoginView.swift */; };
		2976F5C62B91BAFD003D01AF /* CartView.swift in Sources */ = {isa = PBXBuildFile; fileRef = 2976F5C52B91BAFD003D01AF /* CartView.swift */; };
		2976F5C82B91BB16003D01AF /* HomeView.swift in Sources */ = {isa = PBXBuildFile; fileRef = 2976F5C72B91BB16003D01AF /* HomeView.swift */; };
		2976F5CA2B91BB2D003D01AF /* FavoritView.swift in Sources */ = {isa = PBXBuildFile; fileRef = 2976F5C92B91BB2D003D01AF /* FavoritView.swift */; };
		2976F5CC2B91BBAF003D01AF /* TabViewNav.swift in Sources */ = {isa = PBXBuildFile; fileRef = 2976F5CB2B91BBAF003D01AF /* TabViewNav.swift */; };
		2976F5CE2B91C4FD003D01AF /* food_data.json in Resources */ = {isa = PBXBuildFile; fileRef = 2976F5CD2B91C4FD003D01AF /* food_data.json */; };
		2976F5D02B91CD69003D01AF /* FoodItem.swift in Sources */ = {isa = PBXBuildFile; fileRef = 2976F5CF2B91CD69003D01AF /* FoodItem.swift */; };
		2976F5D22B91CDBF003D01AF /* FoodViewModel.swift in Sources */ = {isa = PBXBuildFile; fileRef = 2976F5D12B91CDBF003D01AF /* FoodViewModel.swift */; };
		2976F5D62B923D74003D01AF /* CategoryButton.swift in Sources */ = {isa = PBXBuildFile; fileRef = 2976F5D52B923D74003D01AF /* CategoryButton.swift */; };
		2976F5D82B923DF2003D01AF /* FeaturedRecipeCard.swift in Sources */ = {isa = PBXBuildFile; fileRef = 2976F5D72B923DF2003D01AF /* FeaturedRecipeCard.swift */; };
		29FE89B42B9478F100FA5CF8 /* FoodDetailsView.swift in Sources */ = {isa = PBXBuildFile; fileRef = 29FE89B32B9478F100FA5CF8 /* FoodDetailsView.swift */; };
/* End PBXBuildFile section */

/* Begin PBXFileReference section */
		293937A42B9313C100D2B535 /* CartItem.swift */ = {isa = PBXFileReference; lastKnownFileType = sourcecode.swift; path = CartItem.swift; sourceTree = "<group>"; };
		293937A62B93140F00D2B535 /* CartViewModel.swift */ = {isa = PBXFileReference; lastKnownFileType = sourcecode.swift; path = CartViewModel.swift; sourceTree = "<group>"; };
		293937B62B93A59000D2B535 /* FavoritesViewModel.swift */ = {isa = PBXFileReference; lastKnownFileType = sourcecode.swift; path = FavoritesViewModel.swift; sourceTree = "<group>"; };
		2976F5AB2B919D6D003D01AF /* YumYum.app */ = {isa = PBXFileReference; explicitFileType = wrapper.application; includeInIndex = 0; path = YumYum.app; sourceTree = BUILT_PRODUCTS_DIR; };
		2976F5AE2B919D6D003D01AF /* YumYumApp.swift */ = {isa = PBXFileReference; lastKnownFileType = sourcecode.swift; path = YumYumApp.swift; sourceTree = "<group>"; };
		2976F5B02B919D6D003D01AF /* StartView.swift */ = {isa = PBXFileReference; lastKnownFileType = sourcecode.swift; path = StartView.swift; sourceTree = "<group>"; };
		2976F5B22B919D6E003D01AF /* Assets.xcassets */ = {isa = PBXFileReference; lastKnownFileType = folder.assetcatalog; path = Assets.xcassets; sourceTree = "<group>"; };
		2976F5B52B919D6E003D01AF /* Preview Assets.xcassets */ = {isa = PBXFileReference; lastKnownFileType = folder.assetcatalog; path = "Preview Assets.xcassets"; sourceTree = "<group>"; };
		2976F5BF2B91A68F003D01AF /* SignUpView.swift */ = {isa = PBXFileReference; lastKnownFileType = sourcecode.swift; path = SignUpView.swift; sourceTree = "<group>"; };
		2976F5C22B91A9FD003D01AF /* LoginView.swift */ = {isa = PBXFileReference; lastKnownFileType = sourcecode.swift; path = LoginView.swift; sourceTree = "<group>"; };
		2976F5C52B91BAFD003D01AF /* CartView.swift */ = {isa = PBXFileReference; lastKnownFileType = sourcecode.swift; path = CartView.swift; sourceTree = "<group>"; };
		2976F5C72B91BB16003D01AF /* HomeView.swift */ = {isa = PBXFileReference; lastKnownFileType = sourcecode.swift; path = HomeView.swift; sourceTree = "<group>"; };
		2976F5C92B91BB2D003D01AF /* FavoritView.swift */ = {isa = PBXFileReference; lastKnownFileType = sourcecode.swift; path = FavoritView.swift; sourceTree = "<group>"; };
		2976F5CB2B91BBAF003D01AF /* TabViewNav.swift */ = {isa = PBXFileReference; lastKnownFileType = sourcecode.swift; path = TabViewNav.swift; sourceTree = "<group>"; };
		2976F5CD2B91C4FD003D01AF /* food_data.json */ = {isa = PBXFileReference; lastKnownFileType = text.json; path = food_data.json; sourceTree = "<group>"; };
		2976F5CF2B91CD69003D01AF /* FoodItem.swift */ = {isa = PBXFileReference; lastKnownFileType = sourcecode.swift; path = FoodItem.swift; sourceTree = "<group>"; };
		2976F5D12B91CDBF003D01AF /* FoodViewModel.swift */ = {isa = PBXFileReference; lastKnownFileType = sourcecode.swift; path = FoodViewModel.swift; sourceTree = "<group>"; };
		2976F5D52B923D74003D01AF /* CategoryButton.swift */ = {isa = PBXFileReference; lastKnownFileType = sourcecode.swift; path = CategoryButton.swift; sourceTree = "<group>"; };
		2976F5D72B923DF2003D01AF /* FeaturedRecipeCard.swift */ = {isa = PBXFileReference; lastKnownFileType = sourcecode.swift; path = FeaturedRecipeCard.swift; sourceTree = "<group>"; };
		29FE89B32B9478F100FA5CF8 /* FoodDetailsView.swift */ = {isa = PBXFileReference; lastKnownFileType = sourcecode.swift; path = FoodDetailsView.swift; sourceTree = "<group>"; };
/* End PBXFileReference section */

/* Begin PBXFrameworksBuildPhase section */
		2976F5A82B919D6D003D01AF /* Frameworks */ = {
			isa = PBXFrameworksBuildPhase;
			buildActionMask = 2147483647;
			files = (
			);
			runOnlyForDeploymentPostprocessing = 0;
		};
/* End PBXFrameworksBuildPhase section */

/* Begin PBXGroup section */
		2976F5A22B919D6D003D01AF = {
			isa = PBXGroup;
			children = (
				2976F5AD2B919D6D003D01AF /* YumYum */,
				2976F5AC2B919D6D003D01AF /* Products */,
			);
			sourceTree = "<group>";
		};
		2976F5AC2B919D6D003D01AF /* Products */ = {
			isa = PBXGroup;
			children = (
				2976F5AB2B919D6D003D01AF /* YumYum.app */,
			);
			name = Products;
			sourceTree = "<group>";
		};
		2976F5AD2B919D6D003D01AF /* YumYum */ = {
			isa = PBXGroup;
			children = (
				2976F5BE2B91A67A003D01AF /* model */,
				2976F5BD2B91A672003D01AF /* viewmodel */,
				2976F5BC2B91A66A003D01AF /* views */,
				2976F5B22B919D6E003D01AF /* Assets.xcassets */,
				2976F5B42B919D6E003D01AF /* Preview Content */,
			);
			path = YumYum;
			sourceTree = "<group>";
		};
		2976F5B42B919D6E003D01AF /* Preview Content */ = {
			isa = PBXGroup;
			children = (
				2976F5B52B919D6E003D01AF /* Preview Assets.xcassets */,
			);
			path = "Preview Content";
			sourceTree = "<group>";
		};
		2976F5BC2B91A66A003D01AF /* views */ = {
			isa = PBXGroup;
			children = (
				2976F5D92B926433003D01AF /* cart */,
				2976F5D32B923D41003D01AF /* Home */,
				2976F5C42B91BA12003D01AF /* auth */,
				2976F5AE2B919D6D003D01AF /* YumYumApp.swift */,
				2976F5B02B919D6D003D01AF /* StartView.swift */,
				2976F5C92B91BB2D003D01AF /* FavoritView.swift */,
				2976F5CB2B91BBAF003D01AF /* TabViewNav.swift */,
			);
			path = views;
			sourceTree = "<group>";
		};
		2976F5BD2B91A672003D01AF /* viewmodel */ = {
			isa = PBXGroup;
			children = (
				2976F5CD2B91C4FD003D01AF /* food_data.json */,
				2976F5D12B91CDBF003D01AF /* FoodViewModel.swift */,
				293937A62B93140F00D2B535 /* CartViewModel.swift */,
				293937B62B93A59000D2B535 /* FavoritesViewModel.swift */,
			);
			path = viewmodel;
			sourceTree = "<group>";
		};
		2976F5BE2B91A67A003D01AF /* model */ = {
			isa = PBXGroup;
			children = (
				2976F5CF2B91CD69003D01AF /* FoodItem.swift */,
				293937A42B9313C100D2B535 /* CartItem.swift */,
			);
			path = model;
			sourceTree = "<group>";
		};
		2976F5C42B91BA12003D01AF /* auth */ = {
			isa = PBXGroup;
			children = (
				2976F5BF2B91A68F003D01AF /* SignUpView.swift */,
				2976F5C22B91A9FD003D01AF /* LoginView.swift */,
			);
			path = auth;
			sourceTree = "<group>";
		};
		2976F5D32B923D41003D01AF /* Home */ = {
			isa = PBXGroup;
			children = (
				2976F5D42B923D4D003D01AF /* components */,
				2976F5C72B91BB16003D01AF /* HomeView.swift */,
				29FE89B32B9478F100FA5CF8 /* FoodDetailsView.swift */,
			);
			name = Home;
			sourceTree = "<group>";
		};
		2976F5D42B923D4D003D01AF /* components */ = {
			isa = PBXGroup;
			children = (
				2976F5D52B923D74003D01AF /* CategoryButton.swift */,
				2976F5D72B923DF2003D01AF /* FeaturedRecipeCard.swift */,
			);
			name = components;
			sourceTree = "<group>";
		};
		2976F5D92B926433003D01AF /* cart */ = {
			isa = PBXGroup;
			children = (
				2976F5C52B91BAFD003D01AF /* CartView.swift */,
			);
			path = cart;
			sourceTree = "<group>";
		};
/* End PBXGroup section */

/* Begin PBXNativeTarget section */
		2976F5AA2B919D6D003D01AF /* YumYum */ = {
			isa = PBXNativeTarget;
			buildConfigurationList = 2976F5B92B919D6E003D01AF /* Build configuration list for PBXNativeTarget "YumYum" */;
			buildPhases = (
				2976F5A72B919D6D003D01AF /* Sources */,
				2976F5A82B919D6D003D01AF /* Frameworks */,
				2976F5A92B919D6D003D01AF /* Resources */,
			);
			buildRules = (
			);
			dependencies = (
			);
			name = YumYum;
			productName = YumYum;
			productReference = 2976F5AB2B919D6D003D01AF /* YumYum.app */;
			productType = "com.apple.product-type.application";
		};
/* End PBXNativeTarget section */

/* Begin PBXProject section */
		2976F5A32B919D6D003D01AF /* Project object */ = {
			isa = PBXProject;
			attributes = {
				BuildIndependentTargetsInParallel = 1;
				LastSwiftUpdateCheck = 1520;
				LastUpgradeCheck = 1520;
				TargetAttributes = {
					2976F5AA2B919D6D003D01AF = {
						CreatedOnToolsVersion = 15.2;
					};
				};
			};
			buildConfigurationList = 2976F5A62B919D6D003D01AF /* Build configuration list for PBXProject "YumYum" */;
			compatibilityVersion = "Xcode 14.0";
			developmentRegion = en;
			hasScannedForEncodings = 0;
			knownRegions = (
				en,
				Base,
			);
			mainGroup = 2976F5A22B919D6D003D01AF;
			productRefGroup = 2976F5AC2B919D6D003D01AF /* Products */;
			projectDirPath = "";
			projectRoot = "";
			targets = (
				2976F5AA2B919D6D003D01AF /* YumYum */,
			);
		};
/* End PBXProject section */

/* Begin PBXResourcesBuildPhase section */
		2976F5A92B919D6D003D01AF /* Resources */ = {
			isa = PBXResourcesBuildPhase;
			buildActionMask = 2147483647;
			files = (
				2976F5CE2B91C4FD003D01AF /* food_data.json in Resources */,
				2976F5B62B919D6E003D01AF /* Preview Assets.xcassets in Resources */,
				2976F5B32B919D6E003D01AF /* Assets.xcassets in Resources */,
			);
			runOnlyForDeploymentPostprocessing = 0;
		};
/* End PBXResourcesBuildPhase section */

/* Begin PBXSourcesBuildPhase section */
		2976F5A72B919D6D003D01AF /* Sources */ = {
			isa = PBXSourcesBuildPhase;
			buildActionMask = 2147483647;
			files = (
				293937B72B93A59000D2B535 /* FavoritesViewModel.swift in Sources */,
				2976F5D22B91CDBF003D01AF /* FoodViewModel.swift in Sources */,
				2976F5D82B923DF2003D01AF /* FeaturedRecipeCard.swift in Sources */,
				293937A72B93140F00D2B535 /* CartViewModel.swift in Sources */,
				2976F5C62B91BAFD003D01AF /* CartView.swift in Sources */,
				2976F5B12B919D6D003D01AF /* StartView.swift in Sources */,
				2976F5CC2B91BBAF003D01AF /* TabViewNav.swift in Sources */,
				2976F5C02B91A68F003D01AF /* SignUpView.swift in Sources */,
				2976F5D02B91CD69003D01AF /* FoodItem.swift in Sources */,
				29FE89B42B9478F100FA5CF8 /* FoodDetailsView.swift in Sources */,
				2976F5C82B91BB16003D01AF /* HomeView.swift in Sources */,
				2976F5C32B91A9FD003D01AF /* LoginView.swift in Sources */,
				2976F5D62B923D74003D01AF /* CategoryButton.swift in Sources */,
				2976F5CA2B91BB2D003D01AF /* FavoritView.swift in Sources */,
				293937A52B9313C100D2B535 /* CartItem.swift in Sources */,
				2976F5AF2B919D6D003D01AF /* YumYumApp.swift in Sources */,
			);
			runOnlyForDeploymentPostprocessing = 0;
		};
/* End PBXSourcesBuildPhase section */

/* Begin XCBuildConfiguration section */
		2976F5B72B919D6E003D01AF /* Debug */ = {
			isa = XCBuildConfiguration;
			buildSettings = {
				ALWAYS_SEARCH_USER_PATHS = NO;
				ASSETCATALOG_COMPILER_GENERATE_SWIFT_ASSET_SYMBOL_EXTENSIONS = YES;
				CLANG_ANALYZER_NONNULL = YES;
				CLANG_ANALYZER_NUMBER_OBJECT_CONVERSION = YES_AGGRESSIVE;
				CLANG_CXX_LANGUAGE_STANDARD = "gnu++20";
				CLANG_ENABLE_MODULES = YES;
				CLANG_ENABLE_OBJC_ARC = YES;
				CLANG_ENABLE_OBJC_WEAK = YES;
				CLANG_WARN_BLOCK_CAPTURE_AUTORELEASING = YES;
				CLANG_WARN_BOOL_CONVERSION = YES;
				CLANG_WARN_COMMA = YES;
				CLANG_WARN_CONSTANT_CONVERSION = YES;
				CLANG_WARN_DEPRECATED_OBJC_IMPLEMENTATIONS = YES;
				CLANG_WARN_DIRECT_OBJC_ISA_USAGE = YES_ERROR;
				CLANG_WARN_DOCUMENTATION_COMMENTS = YES;
				CLANG_WARN_EMPTY_BODY = YES;
				CLANG_WARN_ENUM_CONVERSION = YES;
				CLANG_WARN_INFINITE_RECURSION = YES;
				CLANG_WARN_INT_CONVERSION = YES;
				CLANG_WARN_NON_LITERAL_NULL_CONVERSION = YES;
				CLANG_WARN_OBJC_IMPLICIT_RETAIN_SELF = YES;
				CLANG_WARN_OBJC_LITERAL_CONVERSION = YES;
				CLANG_WARN_OBJC_ROOT_CLASS = YES_ERROR;
				CLANG_WARN_QUOTED_INCLUDE_IN_FRAMEWORK_HEADER = YES;
				CLANG_WARN_RANGE_LOOP_ANALYSIS = YES;
				CLANG_WARN_STRICT_PROTOTYPES = YES;
				CLANG_WARN_SUSPICIOUS_MOVE = YES;
				CLANG_WARN_UNGUARDED_AVAILABILITY = YES_AGGRESSIVE;
				CLANG_WARN_UNREACHABLE_CODE = YES;
				CLANG_WARN__DUPLICATE_METHOD_MATCH = YES;
				COPY_PHASE_STRIP = NO;
				DEBUG_INFORMATION_FORMAT = dwarf;
				ENABLE_STRICT_OBJC_MSGSEND = YES;
				ENABLE_TESTABILITY = YES;
				ENABLE_USER_SCRIPT_SANDBOXING = YES;
				GCC_C_LANGUAGE_STANDARD = gnu17;
				GCC_DYNAMIC_NO_PIC = NO;
				GCC_NO_COMMON_BLOCKS = YES;
				GCC_OPTIMIZATION_LEVEL = 0;
				GCC_PREPROCESSOR_DEFINITIONS = (
					"DEBUG=1",
					"$(inherited)",
				);
				GCC_WARN_64_TO_32_BIT_CONVERSION = YES;
				GCC_WARN_ABOUT_RETURN_TYPE = YES_ERROR;
				GCC_WARN_UNDECLARED_SELECTOR = YES;
				GCC_WARN_UNINITIALIZED_AUTOS = YES_AGGRESSIVE;
				GCC_WARN_UNUSED_FUNCTION = YES;
				GCC_WARN_UNUSED_VARIABLE = YES;
				IPHONEOS_DEPLOYMENT_TARGET = 17.2;
				LOCALIZATION_PREFERS_STRING_CATALOGS = YES;
				MTL_ENABLE_DEBUG_INFO = INCLUDE_SOURCE;
				MTL_FAST_MATH = YES;
				ONLY_ACTIVE_ARCH = YES;
				SDKROOT = iphoneos;
				SWIFT_ACTIVE_COMPILATION_CONDITIONS = "DEBUG $(inherited)";
				SWIFT_OPTIMIZATION_LEVEL = "-Onone";
			};
			name = Debug;
		};
		2976F5B82B919D6E003D01AF /* Release */ = {
			isa = XCBuildConfiguration;
			buildSettings = {
				ALWAYS_SEARCH_USER_PATHS = NO;
				ASSETCATALOG_COMPILER_GENERATE_SWIFT_ASSET_SYMBOL_EXTENSIONS = YES;
				CLANG_ANALYZER_NONNULL = YES;
				CLANG_ANALYZER_NUMBER_OBJECT_CONVERSION = YES_AGGRESSIVE;
				CLANG_CXX_LANGUAGE_STANDARD = "gnu++20";
				CLANG_ENABLE_MODULES = YES;
				CLANG_ENABLE_OBJC_ARC = YES;
				CLANG_ENABLE_OBJC_WEAK = YES;
				CLANG_WARN_BLOCK_CAPTURE_AUTORELEASING = YES;
				CLANG_WARN_BOOL_CONVERSION = YES;
				CLANG_WARN_COMMA = YES;
				CLANG_WARN_CONSTANT_CONVERSION = YES;
				CLANG_WARN_DEPRECATED_OBJC_IMPLEMENTATIONS = YES;
				CLANG_WARN_DIRECT_OBJC_ISA_USAGE = YES_ERROR;
				CLANG_WARN_DOCUMENTATION_COMMENTS = YES;
				CLANG_WARN_EMPTY_BODY = YES;
				CLANG_WARN_ENUM_CONVERSION = YES;
				CLANG_WARN_INFINITE_RECURSION = YES;
				CLANG_WARN_INT_CONVERSION = YES;
				CLANG_WARN_NON_LITERAL_NULL_CONVERSION = YES;
				CLANG_WARN_OBJC_IMPLICIT_RETAIN_SELF = YES;
				CLANG_WARN_OBJC_LITERAL_CONVERSION = YES;
				CLANG_WARN_OBJC_ROOT_CLASS = YES_ERROR;
				CLANG_WARN_QUOTED_INCLUDE_IN_FRAMEWORK_HEADER = YES;
				CLANG_WARN_RANGE_LOOP_ANALYSIS = YES;
				CLANG_WARN_STRICT_PROTOTYPES = YES;
				CLANG_WARN_SUSPICIOUS_MOVE = YES;
				CLANG_WARN_UNGUARDED_AVAILABILITY = YES_AGGRESSIVE;
				CLANG_WARN_UNREACHABLE_CODE = YES;
				CLANG_WARN__DUPLICATE_METHOD_MATCH = YES;
				COPY_PHASE_STRIP = NO;
				DEBUG_INFORMATION_FORMAT = "dwarf-with-dsym";
				ENABLE_NS_ASSERTIONS = NO;
				ENABLE_STRICT_OBJC_MSGSEND = YES;
				ENABLE_USER_SCRIPT_SANDBOXING = YES;
				GCC_C_LANGUAGE_STANDARD = gnu17;
				GCC_NO_COMMON_BLOCKS = YES;
				GCC_WARN_64_TO_32_BIT_CONVERSION = YES;
				GCC_WARN_ABOUT_RETURN_TYPE = YES_ERROR;
				GCC_WARN_UNDECLARED_SELECTOR = YES;
				GCC_WARN_UNINITIALIZED_AUTOS = YES_AGGRESSIVE;
				GCC_WARN_UNUSED_FUNCTION = YES;
				GCC_WARN_UNUSED_VARIABLE = YES;
				IPHONEOS_DEPLOYMENT_TARGET = 17.2;
				LOCALIZATION_PREFERS_STRING_CATALOGS = YES;
				MTL_ENABLE_DEBUG_INFO = NO;
				MTL_FAST_MATH = YES;
				SDKROOT = iphoneos;
				SWIFT_COMPILATION_MODE = wholemodule;
				VALIDATE_PRODUCT = YES;
			};
			name = Release;
		};
		2976F5BA2B919D6E003D01AF /* Debug */ = {
			isa = XCBuildConfiguration;
			buildSettings = {
				ASSETCATALOG_COMPILER_APPICON_NAME = AppIcon;
				ASSETCATALOG_COMPILER_GLOBAL_ACCENT_COLOR_NAME = AccentColor;
				CODE_SIGN_STYLE = Automatic;
				CURRENT_PROJECT_VERSION = 1;
				DEVELOPMENT_ASSET_PATHS = "\"YumYum/Preview Content\"";
				DEVELOPMENT_TEAM = X2F99XPP5R;
				ENABLE_PREVIEWS = YES;
				GENERATE_INFOPLIST_FILE = YES;
				INFOPLIST_KEY_UIApplicationSceneManifest_Generation = YES;
				INFOPLIST_KEY_UIApplicationSupportsIndirectInputEvents = YES;
				INFOPLIST_KEY_UILaunchScreen_Generation = YES;
				INFOPLIST_KEY_UISupportedInterfaceOrientations_iPad = "UIInterfaceOrientationPortrait UIInterfaceOrientationPortraitUpsideDown UIInterfaceOrientationLandscapeLeft UIInterfaceOrientationLandscapeRight";
				INFOPLIST_KEY_UISupportedInterfaceOrientations_iPhone = "UIInterfaceOrientationPortrait UIInterfaceOrientationLandscapeLeft UIInterfaceOrientationLandscapeRight";
				LD_RUNPATH_SEARCH_PATHS = (
					"$(inherited)",
					"@executable_path/Frameworks",
				);
				MARKETING_VERSION = 1.0;
				PRODUCT_BUNDLE_IDENTIFIER = fahadsamara.YumYum;
				PRODUCT_NAME = "$(TARGET_NAME)";
				SWIFT_EMIT_LOC_STRINGS = YES;
				SWIFT_VERSION = 5.0;
				TARGETED_DEVICE_FAMILY = "1,2";
			};
			name = Debug;
		};
		2976F5BB2B919D6E003D01AF /* Release */ = {
			isa = XCBuildConfiguration;
			buildSettings = {
				ASSETCATALOG_COMPILER_APPICON_NAME = AppIcon;
				ASSETCATALOG_COMPILER_GLOBAL_ACCENT_COLOR_NAME = AccentColor;
				CODE_SIGN_STYLE = Automatic;
				CURRENT_PROJECT_VERSION = 1;
				DEVELOPMENT_ASSET_PATHS = "\"YumYum/Preview Content\"";
				DEVELOPMENT_TEAM = X2F99XPP5R;
				ENABLE_PREVIEWS = YES;
				GENERATE_INFOPLIST_FILE = YES;
				INFOPLIST_KEY_UIApplicationSceneManifest_Generation = YES;
				INFOPLIST_KEY_UIApplicationSupportsIndirectInputEvents = YES;
				INFOPLIST_KEY_UILaunchScreen_Generation = YES;
				INFOPLIST_KEY_UISupportedInterfaceOrientations_iPad = "UIInterfaceOrientationPortrait UIInterfaceOrientationPortraitUpsideDown UIInterfaceOrientationLandscapeLeft UIInterfaceOrientationLandscapeRight";
				INFOPLIST_KEY_UISupportedInterfaceOrientations_iPhone = "UIInterfaceOrientationPortrait UIInterfaceOrientationLandscapeLeft UIInterfaceOrientationLandscapeRight";
				LD_RUNPATH_SEARCH_PATHS = (
					"$(inherited)",
					"@executable_path/Frameworks",
				);
				MARKETING_VERSION = 1.0;
				PRODUCT_BUNDLE_IDENTIFIER = fahadsamara.YumYum;
				PRODUCT_NAME = "$(TARGET_NAME)";
				SWIFT_EMIT_LOC_STRINGS = YES;
				SWIFT_VERSION = 5.0;
				TARGETED_DEVICE_FAMILY = "1,2";
			};
			name = Release;
		};
/* End XCBuildConfiguration section */

/* Begin XCConfigurationList section */
		2976F5A62B919D6D003D01AF /* Build configuration list for PBXProject "YumYum" */ = {
			isa = XCConfigurationList;
			buildConfigurations = (
				2976F5B72B919D6E003D01AF /* Debug */,
				2976F5B82B919D6E003D01AF /* Release */,
			);
			defaultConfigurationIsVisible = 0;
			defaultConfigurationName = Release;
		};
		2976F5B92B919D6E003D01AF /* Build configuration list for PBXNativeTarget "YumYum" */ = {
			isa = XCConfigurationList;
			buildConfigurations = (
				2976F5BA2B919D6E003D01AF /* Debug */,
				2976F5BB2B919D6E003D01AF /* Release */,
			);
			defaultConfigurationIsVisible = 0;
			defaultConfigurationName = Release;
		};
/* End XCConfigurationList section */
	};
	rootObject = 2976F5A32B919D6D003D01AF /* Project object */;
}
